// !$*UTF8*$!
{
	archiveVersion = 1;
	classes = {
	};
	objectVersion = 56;
	objects = {

/* Begin PBXBuildFile section */
		2C4A3A9129AA437300031DA6 /* PastaTimerApp.swift in Sources */ = {isa = PBXBuildFile; fileRef = 2C4A3A9029AA437300031DA6 /* PastaTimerApp.swift */; };
		2C4A3A9329AA437300031DA6 /* ContentView.swift in Sources */ = {isa = PBXBuildFile; fileRef = 2C4A3A9229AA437300031DA6 /* ContentView.swift */; };
		2C4A3A9529AA437300031DA6 /* Assets.xcassets in Resources */ = {isa = PBXBuildFile; fileRef = 2C4A3A9429AA437300031DA6 /* Assets.xcassets */; };
		2C4A3A9829AA437300031DA6 /* Preview Assets.xcassets in Resources */ = {isa = PBXBuildFile; fileRef = 2C4A3A9729AA437300031DA6 /* Preview Assets.xcassets */; };
		2C4A3AA229AA437300031DA6 /* PastaTimerTests.swift in Sources */ = {isa = PBXBuildFile; fileRef = 2C4A3AA129AA437300031DA6 /* PastaTimerTests.swift */; };
		2C4A3AAC29AA437300031DA6 /* PastaTimerUITests.swift in Sources */ = {isa = PBXBuildFile; fileRef = 2C4A3AAB29AA437300031DA6 /* PastaTimerUITests.swift */; };
		2C4A3AAE29AA437300031DA6 /* PastaTimerUITestsLaunchTests.swift in Sources */ = {isa = PBXBuildFile; fileRef = 2C4A3AAD29AA437300031DA6 /* PastaTimerUITestsLaunchTests.swift */; };
		2CCDB31E29AA44CD00D58154 /* StartStop.swift in Sources */ = {isa = PBXBuildFile; fileRef = 2CCDB31B29AA44CD00D58154 /* StartStop.swift */; };
		2CCDB31F29AA44CD00D58154 /* TimerView.swift in Sources */ = {isa = PBXBuildFile; fileRef = 2CCDB31C29AA44CD00D58154 /* TimerView.swift */; };
		2CCDB32029AA44CD00D58154 /* PastaSelector.swift in Sources */ = {isa = PBXBuildFile; fileRef = 2CCDB31D29AA44CD00D58154 /* PastaSelector.swift */; };
		2CE878A729ADFB2D0078E233 /* SuhaTabView.swift in Sources */ = {isa = PBXBuildFile; fileRef = 2CE878A629ADFB2D0078E233 /* SuhaTabView.swift */; };
/* End PBXBuildFile section */

/* Begin PBXContainerItemProxy section */
		2C4A3A9E29AA437300031DA6 /* PBXContainerItemProxy */ = {
			isa = PBXContainerItemProxy;
			containerPortal = 2C4A3A8529AA437300031DA6 /* Project object */;
			proxyType = 1;
			remoteGlobalIDString = 2C4A3A8C29AA437300031DA6;
			remoteInfo = PastaTimer;
		};
		2C4A3AA829AA437300031DA6 /* PBXContainerItemProxy */ = {
			isa = PBXContainerItemProxy;
			containerPortal = 2C4A3A8529AA437300031DA6 /* Project object */;
			proxyType = 1;
			remoteGlobalIDString = 2C4A3A8C29AA437300031DA6;
			remoteInfo = PastaTimer;
		};
/* End PBXContainerItemProxy section */

/* Begin PBXFileReference section */
		2C4A3A8D29AA437300031DA6 /* PastaTimer.app */ = {isa = PBXFileReference; explicitFileType = wrapper.application; includeInIndex = 0; path = PastaTimer.app; sourceTree = BUILT_PRODUCTS_DIR; };
		2C4A3A9029AA437300031DA6 /* PastaTimerApp.swift */ = {isa = PBXFileReference; lastKnownFileType = sourcecode.swift; path = PastaTimerApp.swift; sourceTree = "<group>"; };
		2C4A3A9229AA437300031DA6 /* ContentView.swift */ = {isa = PBXFileReference; lastKnownFileType = sourcecode.swift; path = ContentView.swift; sourceTree = "<group>"; };
		2C4A3A9429AA437300031DA6 /* Assets.xcassets */ = {isa = PBXFileReference; lastKnownFileType = folder.assetcatalog; path = Assets.xcassets; sourceTree = "<group>"; };
		2C4A3A9729AA437300031DA6 /* Preview Assets.xcassets */ = {isa = PBXFileReference; lastKnownFileType = folder.assetcatalog; path = "Preview Assets.xcassets"; sourceTree = "<group>"; };
		2C4A3A9D29AA437300031DA6 /* PastaTimerTests.xctest */ = {isa = PBXFileReference; explicitFileType = wrapper.cfbundle; includeInIndex = 0; path = PastaTimerTests.xctest; sourceTree = BUILT_PRODUCTS_DIR; };
		2C4A3AA129AA437300031DA6 /* PastaTimerTests.swift */ = {isa = PBXFileReference; lastKnownFileType = sourcecode.swift; path = PastaTimerTests.swift; sourceTree = "<group>"; };
		2C4A3AA729AA437300031DA6 /* PastaTimerUITests.xctest */ = {isa = PBXFileReference; explicitFileType = wrapper.cfbundle; includeInIndex = 0; path = PastaTimerUITests.xctest; sourceTree = BUILT_PRODUCTS_DIR; };
		2C4A3AAB29AA437300031DA6 /* PastaTimerUITests.swift */ = {isa = PBXFileReference; lastKnownFileType = sourcecode.swift; path = PastaTimerUITests.swift; sourceTree = "<group>"; };
		2C4A3AAD29AA437300031DA6 /* PastaTimerUITestsLaunchTests.swift */ = {isa = PBXFileReference; lastKnownFileType = sourcecode.swift; path = PastaTimerUITestsLaunchTests.swift; sourceTree = "<group>"; };
		2CCDB31B29AA44CD00D58154 /* StartStop.swift */ = {isa = PBXFileReference; fileEncoding = 4; lastKnownFileType = sourcecode.swift; path = StartStop.swift; sourceTree = "<group>"; };
		2CCDB31C29AA44CD00D58154 /* TimerView.swift */ = {isa = PBXFileReference; fileEncoding = 4; lastKnownFileType = sourcecode.swift; path = TimerView.swift; sourceTree = "<group>"; };
		2CCDB31D29AA44CD00D58154 /* PastaSelector.swift */ = {isa = PBXFileReference; fileEncoding = 4; lastKnownFileType = sourcecode.swift; path = PastaSelector.swift; sourceTree = "<group>"; };
		2CE878A629ADFB2D0078E233 /* SuhaTabView.swift */ = {isa = PBXFileReference; lastKnownFileType = sourcecode.swift; path = SuhaTabView.swift; sourceTree = "<group>"; };
/* End PBXFileReference section */

/* Begin PBXFrameworksBuildPhase section */
		2C4A3A8A29AA437300031DA6 /* Frameworks */ = {
			isa = PBXFrameworksBuildPhase;
			buildActionMask = 2147483647;
			files = (
			);
			runOnlyForDeploymentPostprocessing = 0;
		};
		2C4A3A9A29AA437300031DA6 /* Frameworks */ = {
			isa = PBXFrameworksBuildPhase;
			buildActionMask = 2147483647;
			files = (
			);
			runOnlyForDeploymentPostprocessing = 0;
		};
		2C4A3AA429AA437300031DA6 /* Frameworks */ = {
			isa = PBXFrameworksBuildPhase;
			buildActionMask = 2147483647;
			files = (
			);
			runOnlyForDeploymentPostprocessing = 0;
		};
/* End PBXFrameworksBuildPhase section */

/* Begin PBXGroup section */
		2C4A3A8429AA437300031DA6 = {
			isa = PBXGroup;
			children = (
				2C4A3A8F29AA437300031DA6 /* PastaTimer */,
				2C4A3AA029AA437300031DA6 /* PastaTimerTests */,
				2C4A3AAA29AA437300031DA6 /* PastaTimerUITests */,
				2C4A3A8E29AA437300031DA6 /* Products */,
			);
			sourceTree = "<group>";
		};
		2C4A3A8E29AA437300031DA6 /* Products */ = {
			isa = PBXGroup;
			children = (
				2C4A3A8D29AA437300031DA6 /* PastaTimer.app */,
				2C4A3A9D29AA437300031DA6 /* PastaTimerTests.xctest */,
				2C4A3AA729AA437300031DA6 /* PastaTimerUITests.xctest */,
			);
			name = Products;
			sourceTree = "<group>";
		};
		2C4A3A8F29AA437300031DA6 /* PastaTimer */ = {
			isa = PBXGroup;
			children = (
				2CE878A629ADFB2D0078E233 /* SuhaTabView.swift */,
				2CCDB31D29AA44CD00D58154 /* PastaSelector.swift */,
				2CCDB31B29AA44CD00D58154 /* StartStop.swift */,
				2CCDB31C29AA44CD00D58154 /* TimerView.swift */,
				2C4A3A9029AA437300031DA6 /* PastaTimerApp.swift */,
				2C4A3A9229AA437300031DA6 /* ContentView.swift */,
				2C4A3A9429AA437300031DA6 /* Assets.xcassets */,
				2C4A3A9629AA437300031DA6 /* Preview Content */,
			);
			path = PastaTimer;
			sourceTree = "<group>";
		};
		2C4A3A9629AA437300031DA6 /* Preview Content */ = {
			isa = PBXGroup;
			children = (
				2C4A3A9729AA437300031DA6 /* Preview Assets.xcassets */,
			);
			path = "Preview Content";
			sourceTree = "<group>";
		};
		2C4A3AA029AA437300031DA6 /* PastaTimerTests */ = {
			isa = PBXGroup;
			children = (
				2C4A3AA129AA437300031DA6 /* PastaTimerTests.swift */,
			);
			path = PastaTimerTests;
			sourceTree = "<group>";
		};
		2C4A3AAA29AA437300031DA6 /* PastaTimerUITests */ = {
			isa = PBXGroup;
			children = (
				2C4A3AAB29AA437300031DA6 /* PastaTimerUITests.swift */,
				2C4A3AAD29AA437300031DA6 /* PastaTimerUITestsLaunchTests.swift */,
			);
			path = PastaTimerUITests;
			sourceTree = "<group>";
		};
/* End PBXGroup section */

/* Begin PBXNativeTarget section */
		2C4A3A8C29AA437300031DA6 /* PastaTimer */ = {
			isa = PBXNativeTarget;
			buildConfigurationList = 2C4A3AB129AA437300031DA6 /* Build configuration list for PBXNativeTarget "PastaTimer" */;
			buildPhases = (
				2C4A3A8929AA437300031DA6 /* Sources */,
				2C4A3A8A29AA437300031DA6 /* Frameworks */,
				2C4A3A8B29AA437300031DA6 /* Resources */,
			);
			buildRules = (
			);
			dependencies = (
			);
			name = PastaTimer;
			productName = PastaTimer;
			productReference = 2C4A3A8D29AA437300031DA6 /* PastaTimer.app */;
			productType = "com.apple.product-type.application";
		};
		2C4A3A9C29AA437300031DA6 /* PastaTimerTests */ = {
			isa = PBXNativeTarget;
			buildConfigurationList = 2C4A3AB429AA437300031DA6 /* Build configuration list for PBXNativeTarget "PastaTimerTests" */;
			buildPhases = (
				2C4A3A9929AA437300031DA6 /* Sources */,
				2C4A3A9A29AA437300031DA6 /* Frameworks */,
				2C4A3A9B29AA437300031DA6 /* Resources */,
			);
			buildRules = (
			);
			dependencies = (
				2C4A3A9F29AA437300031DA6 /* PBXTargetDependency */,
			);
			name = PastaTimerTests;
			productName = PastaTimerTests;
			productReference = 2C4A3A9D29AA437300031DA6 /* PastaTimerTests.xctest */;
			productType = "com.apple.product-type.bundle.unit-test";
		};
		2C4A3AA629AA437300031DA6 /* PastaTimerUITests */ = {
			isa = PBXNativeTarget;
			buildConfigurationList = 2C4A3AB729AA437300031DA6 /* Build configuration list for PBXNativeTarget "PastaTimerUITests" */;
			buildPhases = (
				2C4A3AA329AA437300031DA6 /* Sources */,
				2C4A3AA429AA437300031DA6 /* Frameworks */,
				2C4A3AA529AA437300031DA6 /* Resources */,
			);
			buildRules = (
			);
			dependencies = (
				2C4A3AA929AA437300031DA6 /* PBXTargetDependency */,
			);
			name = PastaTimerUITests;
			productName = PastaTimerUITests;
			productReference = 2C4A3AA729AA437300031DA6 /* PastaTimerUITests.xctest */;
			productType = "com.apple.product-type.bundle.ui-testing";
		};
/* End PBXNativeTarget section */

/* Begin PBXProject section */
		2C4A3A8529AA437300031DA6 /* Project object */ = {
			isa = PBXProject;
			attributes = {
				BuildIndependentTargetsInParallel = 1;
				LastSwiftUpdateCheck = 1420;
				LastUpgradeCheck = 1420;
				TargetAttributes = {
					2C4A3A8C29AA437300031DA6 = {
						CreatedOnToolsVersion = 14.2;
					};
					2C4A3A9C29AA437300031DA6 = {
						CreatedOnToolsVersion = 14.2;
						TestTargetID = 2C4A3A8C29AA437300031DA6;
					};
					2C4A3AA629AA437300031DA6 = {
						CreatedOnToolsVersion = 14.2;
						TestTargetID = 2C4A3A8C29AA437300031DA6;
					};
				};
			};
			buildConfigurationList = 2C4A3A8829AA437300031DA6 /* Build configuration list for PBXProject "PastaTimer" */;
			compatibilityVersion = "Xcode 14.0";
			developmentRegion = en;
			hasScannedForEncodings = 0;
			knownRegions = (
				en,
				Base,
			);
			mainGroup = 2C4A3A8429AA437300031DA6;
			productRefGroup = 2C4A3A8E29AA437300031DA6 /* Products */;
			projectDirPath = "";
			projectRoot = "";
			targets = (
				2C4A3A8C29AA437300031DA6 /* PastaTimer */,
				2C4A3A9C29AA437300031DA6 /* PastaTimerTests */,
				2C4A3AA629AA437300031DA6 /* PastaTimerUITests */,
			);
		};
/* End PBXProject section */

/* Begin PBXResourcesBuildPhase section */
		2C4A3A8B29AA437300031DA6 /* Resources */ = {
			isa = PBXResourcesBuildPhase;
			buildActionMask = 2147483647;
			files = (
				2C4A3A9829AA437300031DA6 /* Preview Assets.xcassets in Resources */,
				2C4A3A9529AA437300031DA6 /* Assets.xcassets in Resources */,
			);
			runOnlyForDeploymentPostprocessing = 0;
		};
		2C4A3A9B29AA437300031DA6 /* Resources */ = {
			isa = PBXResourcesBuildPhase;
			buildActionMask = 2147483647;
			files = (
			);
			runOnlyForDeploymentPostprocessing = 0;
		};
		2C4A3AA529AA437300031DA6 /* Resources */ = {
			isa = PBXResourcesBuildPhase;
			buildActionMask = 2147483647;
			files = (
			);
			runOnlyForDeploymentPostprocessing = 0;
		};
/* End PBXResourcesBuildPhase section */

/* Begin PBXSourcesBuildPhase section */
		2C4A3A8929AA437300031DA6 /* Sources */ = {
			isa = PBXSourcesBuildPhase;
			buildActionMask = 2147483647;
			files = (
				2CCDB31E29AA44CD00D58154 /* StartStop.swift in Sources */,
				2C4A3A9329AA437300031DA6 /* ContentView.swift in Sources */,
				2CCDB32029AA44CD00D58154 /* PastaSelector.swift in Sources */,
				2CCDB31F29AA44CD00D58154 /* TimerView.swift in Sources */,
				2C4A3A9129AA437300031DA6 /* PastaTimerApp.swift in Sources */,
				2CE878A729ADFB2D0078E233 /* SuhaTabView.swift in Sources */,
			);
			runOnlyForDeploymentPostprocessing = 0;
		};
		2C4A3A9929AA437300031DA6 /* Sources */ = {
			isa = PBXSourcesBuildPhase;
			buildActionMask = 2147483647;
			files = (
				2C4A3AA229AA437300031DA6 /* PastaTimerTests.swift in Sources */,
			);
			runOnlyForDeploymentPostprocessing = 0;
		};
		2C4A3AA329AA437300031DA6 /* Sources */ = {
			isa = PBXSourcesBuildPhase;
			buildActionMask = 2147483647;
			files = (
				2C4A3AAE29AA437300031DA6 /* PastaTimerUITestsLaunchTests.swift in Sources */,
				2C4A3AAC29AA437300031DA6 /* PastaTimerUITests.swift in Sources */,
			);
			runOnlyForDeploymentPostprocessing = 0;
		};
/* End PBXSourcesBuildPhase section */

/* Begin PBXTargetDependency section */
		2C4A3A9F29AA437300031DA6 /* PBXTargetDependency */ = {
			isa = PBXTargetDependency;
			target = 2C4A3A8C29AA437300031DA6 /* PastaTimer */;
			targetProxy = 2C4A3A9E29AA437300031DA6 /* PBXContainerItemProxy */;
		};
		2C4A3AA929AA437300031DA6 /* PBXTargetDependency */ = {
			isa = PBXTargetDependency;
			target = 2C4A3A8C29AA437300031DA6 /* PastaTimer */;
			targetProxy = 2C4A3AA829AA437300031DA6 /* PBXContainerItemProxy */;
		};
/* End PBXTargetDependency section */

/* Begin XCBuildConfiguration section */
		2C4A3AAF29AA437300031DA6 /* Debug */ = {
			isa = XCBuildConfiguration;
			buildSettings = {
				ALWAYS_SEARCH_USER_PATHS = NO;
				CLANG_ANALYZER_NONNULL = YES;
				CLANG_ANALYZER_NUMBER_OBJECT_CONVERSION = YES_AGGRESSIVE;
				CLANG_CXX_LANGUAGE_STANDARD = "gnu++20";
				CLANG_ENABLE_MODULES = YES;
				CLANG_ENABLE_OBJC_ARC = YES;
				CLANG_ENABLE_OBJC_WEAK = YES;
				CLANG_WARN_BLOCK_CAPTURE_AUTORELEASING = YES;
				CLANG_WARN_BOOL_CONVERSION = YES;
				CLANG_WARN_COMMA = YES;
				CLANG_WARN_CONSTANT_CONVERSION = YES;
				CLANG_WARN_DEPRECATED_OBJC_IMPLEMENTATIONS = YES;
				CLANG_WARN_DIRECT_OBJC_ISA_USAGE = YES_ERROR;
				CLANG_WARN_DOCUMENTATION_COMMENTS = YES;
				CLANG_WARN_EMPTY_BODY = YES;
				CLANG_WARN_ENUM_CONVERSION = YES;
				CLANG_WARN_INFINITE_RECURSION = YES;
				CLANG_WARN_INT_CONVERSION = YES;
				CLANG_WARN_NON_LITERAL_NULL_CONVERSION = YES;
				CLANG_WARN_OBJC_IMPLICIT_RETAIN_SELF = YES;
				CLANG_WARN_OBJC_LITERAL_CONVERSION = YES;
				CLANG_WARN_OBJC_ROOT_CLASS = YES_ERROR;
				CLANG_WARN_QUOTED_INCLUDE_IN_FRAMEWORK_HEADER = YES;
				CLANG_WARN_RANGE_LOOP_ANALYSIS = YES;
				CLANG_WARN_STRICT_PROTOTYPES = YES;
				CLANG_WARN_SUSPICIOUS_MOVE = YES;
				CLANG_WARN_UNGUARDED_AVAILABILITY = YES_AGGRESSIVE;
				CLANG_WARN_UNREACHABLE_CODE = YES;
				CLANG_WARN__DUPLICATE_METHOD_MATCH = YES;
				COPY_PHASE_STRIP = NO;
				DEBUG_INFORMATION_FORMAT = dwarf;
				ENABLE_STRICT_OBJC_MSGSEND = YES;
				ENABLE_TESTABILITY = YES;
				GCC_C_LANGUAGE_STANDARD = gnu11;
				GCC_DYNAMIC_NO_PIC = NO;
				GCC_NO_COMMON_BLOCKS = YES;
				GCC_OPTIMIZATION_LEVEL = 0;
				GCC_PREPROCESSOR_DEFINITIONS = (
					"DEBUG=1",
					"$(inherited)",
				);
				GCC_WARN_64_TO_32_BIT_CONVERSION = YES;
				GCC_WARN_ABOUT_RETURN_TYPE = YES_ERROR;
				GCC_WARN_UNDECLARED_SELECTOR = YES;
				GCC_WARN_UNINITIALIZED_AUTOS = YES_AGGRESSIVE;
				GCC_WARN_UNUSED_FUNCTION = YES;
				GCC_WARN_UNUSED_VARIABLE = YES;
				IPHONEOS_DEPLOYMENT_TARGET = 16.2;
				MTL_ENABLE_DEBUG_INFO = INCLUDE_SOURCE;
				MTL_FAST_MATH = YES;
				ONLY_ACTIVE_ARCH = YES;
				SDKROOT = iphoneos;
				SWIFT_ACTIVE_COMPILATION_CONDITIONS = DEBUG;
				SWIFT_OPTIMIZATION_LEVEL = "-Onone";
			};
			name = Debug;
		};
		2C4A3AB029AA437300031DA6 /* Release */ = {
			isa = XCBuildConfiguration;
			buildSettings = {
				ALWAYS_SEARCH_USER_PATHS = NO;
				CLANG_ANALYZER_NONNULL = YES;
				CLANG_ANALYZER_NUMBER_OBJECT_CONVERSION = YES_AGGRESSIVE;
				CLANG_CXX_LANGUAGE_STANDARD = "gnu++20";
				CLANG_ENABLE_MODULES = YES;
				CLANG_ENABLE_OBJC_ARC = YES;
				CLANG_ENABLE_OBJC_WEAK = YES;
				CLANG_WARN_BLOCK_CAPTURE_AUTORELEASING = YES;
				CLANG_WARN_BOOL_CONVERSION = YES;
				CLANG_WARN_COMMA = YES;
				CLANG_WARN_CONSTANT_CONVERSION = YES;
				CLANG_WARN_DEPRECATED_OBJC_IMPLEMENTATIONS = YES;
				CLANG_WARN_DIRECT_OBJC_ISA_USAGE = YES_ERROR;
				CLANG_WARN_DOCUMENTATION_COMMENTS = YES;
				CLANG_WARN_EMPTY_BODY = YES;
				CLANG_WARN_ENUM_CONVERSION = YES;
				CLANG_WARN_INFINITE_RECURSION = YES;
				CLANG_WARN_INT_CONVERSION = YES;
				CLANG_WARN_NON_LITERAL_NULL_CONVERSION = YES;
				CLANG_WARN_OBJC_IMPLICIT_RETAIN_SELF = YES;
				CLANG_WARN_OBJC_LITERAL_CONVERSION = YES;
				CLANG_WARN_OBJC_ROOT_CLASS = YES_ERROR;
				CLANG_WARN_QUOTED_INCLUDE_IN_FRAMEWORK_HEADER = YES;
				CLANG_WARN_RANGE_LOOP_ANALYSIS = YES;
				CLANG_WARN_STRICT_PROTOTYPES = YES;
				CLANG_WARN_SUSPICIOUS_MOVE = YES;
				CLANG_WARN_UNGUARDED_AVAILABILITY = YES_AGGRESSIVE;
				CLANG_WARN_UNREACHABLE_CODE = YES;
				CLANG_WARN__DUPLICATE_METHOD_MATCH = YES;
				COPY_PHASE_STRIP = NO;
				DEBUG_INFORMATION_FORMAT = "dwarf-with-dsym";
				ENABLE_NS_ASSERTIONS = NO;
				ENABLE_STRICT_OBJC_MSGSEND = YES;
				GCC_C_LANGUAGE_STANDARD = gnu11;
				GCC_NO_COMMON_BLOCKS = YES;
				GCC_WARN_64_TO_32_BIT_CONVERSION = YES;
				GCC_WARN_ABOUT_RETURN_TYPE = YES_ERROR;
				GCC_WARN_UNDECLARED_SELECTOR = YES;
				GCC_WARN_UNINITIALIZED_AUTOS = YES_AGGRESSIVE;
				GCC_WARN_UNUSED_FUNCTION = YES;
				GCC_WARN_UNUSED_VARIABLE = YES;
				IPHONEOS_DEPLOYMENT_TARGET = 16.2;
				MTL_ENABLE_DEBUG_INFO = NO;
				MTL_FAST_MATH = YES;
				SDKROOT = iphoneos;
				SWIFT_COMPILATION_MODE = wholemodule;
				SWIFT_OPTIMIZATION_LEVEL = "-O";
				VALIDATE_PRODUCT = YES;
			};
			name = Release;
		};
		2C4A3AB229AA437300031DA6 /* Debug */ = {
			isa = XCBuildConfiguration;
			buildSettings = {
				ASSETCATALOG_COMPILER_APPICON_NAME = AppIcon;
				ASSETCATALOG_COMPILER_GLOBAL_ACCENT_COLOR_NAME = AccentColor;
				CODE_SIGN_STYLE = Automatic;
				CURRENT_PROJECT_VERSION = 1;
				DEVELOPMENT_ASSET_PATHS = "\"PastaTimer/Preview Content\"";
				DEVELOPMENT_TEAM = U4BQZ3AXAA;
				ENABLE_PREVIEWS = YES;
				GENERATE_INFOPLIST_FILE = YES;
				INFOPLIST_KEY_UIApplicationSceneManifest_Generation = YES;
				INFOPLIST_KEY_UIApplicationSupportsIndirectInputEvents = YES;
				INFOPLIST_KEY_UILaunchScreen_Generation = YES;
				INFOPLIST_KEY_UISupportedInterfaceOrientations_iPad = "UIInterfaceOrientationPortrait UIInterfaceOrientationPortraitUpsideDown UIInterfaceOrientationLandscapeLeft UIInterfaceOrientationLandscapeRight";
				INFOPLIST_KEY_UISupportedInterfaceOrientations_iPhone = "UIInterfaceOrientationPortrait UIInterfaceOrientationLandscapeLeft UIInterfaceOrientationLandscapeRight";
				LD_RUNPATH_SEARCH_PATHS = (
					"$(inherited)",
					"@executable_path/Frameworks",
				);
				MARKETING_VERSION = 1.0;
				PRODUCT_BUNDLE_IDENTIFIER = com.sueunkim.PastaTimer;
				PRODUCT_NAME = "$(TARGET_NAME)";
				SWIFT_EMIT_LOC_STRINGS = YES;
				SWIFT_VERSION = 5.0;
				TARGETED_DEVICE_FAMILY = "1,2";
			};
			name = Debug;
		};
		2C4A3AB329AA437300031DA6 /* Release */ = {
			isa = XCBuildConfiguration;
			buildSettings = {
				ASSETCATALOG_COMPILER_APPICON_NAME = AppIcon;
				ASSETCATALOG_COMPILER_GLOBAL_ACCENT_COLOR_NAME = AccentColor;
				CODE_SIGN_STYLE = Automatic;
				CURRENT_PROJECT_VERSION = 1;
				DEVELOPMENT_ASSET_PATHS = "\"PastaTimer/Preview Content\"";
				DEVELOPMENT_TEAM = U4BQZ3AXAA;
				ENABLE_PREVIEWS = YES;
				GENERATE_INFOPLIST_FILE = YES;
				INFOPLIST_KEY_UIApplicationSceneManifest_Generation = YES;
				INFOPLIST_KEY_UIApplicationSupportsIndirectInputEvents = YES;
				INFOPLIST_KEY_UILaunchScreen_Generation = YES;
				INFOPLIST_KEY_UISupportedInterfaceOrientations_iPad = "UIInterfaceOrientationPortrait UIInterfaceOrientationPortraitUpsideDown UIInterfaceOrientationLandscapeLeft UIInterfaceOrientationLandscapeRight";
				INFOPLIST_KEY_UISupportedInterfaceOrientations_iPhone = "UIInterfaceOrientationPortrait UIInterfaceOrientationLandscapeLeft UIInterfaceOrientationLandscapeRight";
				LD_RUNPATH_SEARCH_PATHS = (
					"$(inherited)",
					"@executable_path/Frameworks",
				);
				MARKETING_VERSION = 1.0;
				PRODUCT_BUNDLE_IDENTIFIER = com.sueunkim.PastaTimer;
				PRODUCT_NAME = "$(TARGET_NAME)";
				SWIFT_EMIT_LOC_STRINGS = YES;
				SWIFT_VERSION = 5.0;
				TARGETED_DEVICE_FAMILY = "1,2";
			};
			name = Release;
		};
		2C4A3AB529AA437300031DA6 /* Debug */ = {
			isa = XCBuildConfiguration;
			buildSettings = {
				ALWAYS_EMBED_SWIFT_STANDARD_LIBRARIES = YES;
				BUNDLE_LOADER = "$(TEST_HOST)";
				CODE_SIGN_STYLE = Automatic;
				CURRENT_PROJECT_VERSION = 1;
				DEVELOPMENT_TEAM = U4BQZ3AXAA;
				GENERATE_INFOPLIST_FILE = YES;
				IPHONEOS_DEPLOYMENT_TARGET = 16.2;
				MARKETING_VERSION = 1.0;
				PRODUCT_BUNDLE_IDENTIFIER = com.sueunkim.PastaTimerTests;
				PRODUCT_NAME = "$(TARGET_NAME)";
				SWIFT_EMIT_LOC_STRINGS = NO;
				SWIFT_VERSION = 5.0;
				TARGETED_DEVICE_FAMILY = "1,2";
				TEST_HOST = "$(BUILT_PRODUCTS_DIR)/PastaTimer.app/$(BUNDLE_EXECUTABLE_FOLDER_PATH)/PastaTimer";
			};
			name = Debug;
		};
		2C4A3AB629AA437300031DA6 /* Release */ = {
			isa = XCBuildConfiguration;
			buildSettings = {
				ALWAYS_EMBED_SWIFT_STANDARD_LIBRARIES = YES;
				BUNDLE_LOADER = "$(TEST_HOST)";
				CODE_SIGN_STYLE = Automatic;
				CURRENT_PROJECT_VERSION = 1;
				DEVELOPMENT_TEAM = U4BQZ3AXAA;
				GENERATE_INFOPLIST_FILE = YES;
				IPHONEOS_DEPLOYMENT_TARGET = 16.2;
				MARKETING_VERSION = 1.0;
				PRODUCT_BUNDLE_IDENTIFIER = com.sueunkim.PastaTimerTests;
				PRODUCT_NAME = "$(TARGET_NAME)";
				SWIFT_EMIT_LOC_STRINGS = NO;
				SWIFT_VERSION = 5.0;
				TARGETED_DEVICE_FAMILY = "1,2";
				TEST_HOST = "$(BUILT_PRODUCTS_DIR)/PastaTimer.app/$(BUNDLE_EXECUTABLE_FOLDER_PATH)/PastaTimer";
			};
			name = Release;
		};
		2C4A3AB829AA437300031DA6 /* Debug */ = {
			isa = XCBuildConfiguration;
			buildSettings = {
				ALWAYS_EMBED_SWIFT_STANDARD_LIBRARIES = YES;
				CODE_SIGN_STYLE = Automatic;
				CURRENT_PROJECT_VERSION = 1;
				DEVELOPMENT_TEAM = U4BQZ3AXAA;
				GENERATE_INFOPLIST_FILE = YES;
				MARKETING_VERSION = 1.0;
				PRODUCT_BUNDLE_IDENTIFIER = com.sueunkim.PastaTimerUITests;
				PRODUCT_NAME = "$(TARGET_NAME)";
				SWIFT_EMIT_LOC_STRINGS = NO;
				SWIFT_VERSION = 5.0;
				TARGETED_DEVICE_FAMILY = "1,2";
				TEST_TARGET_NAME = PastaTimer;
			};
			name = Debug;
		};
		2C4A3AB929AA437300031DA6 /* Release */ = {
			isa = XCBuildConfiguration;
			buildSettings = {
				ALWAYS_EMBED_SWIFT_STANDARD_LIBRARIES = YES;
				CODE_SIGN_STYLE = Automatic;
				CURRENT_PROJECT_VERSION = 1;
				DEVELOPMENT_TEAM = U4BQZ3AXAA;
				GENERATE_INFOPLIST_FILE = YES;
				MARKETING_VERSION = 1.0;
				PRODUCT_BUNDLE_IDENTIFIER = com.sueunkim.PastaTimerUITests;
				PRODUCT_NAME = "$(TARGET_NAME)";
				SWIFT_EMIT_LOC_STRINGS = NO;
				SWIFT_VERSION = 5.0;
				TARGETED_DEVICE_FAMILY = "1,2";
				TEST_TARGET_NAME = PastaTimer;
			};
			name = Release;
		};
/* End XCBuildConfiguration section */

/* Begin XCConfigurationList section */
		2C4A3A8829AA437300031DA6 /* Build configuration list for PBXProject "PastaTimer" */ = {
			isa = XCConfigurationList;
			buildConfigurations = (
				2C4A3AAF29AA437300031DA6 /* Debug */,
				2C4A3AB029AA437300031DA6 /* Release */,
			);
			defaultConfigurationIsVisible = 0;
			defaultConfigurationName = Release;
		};
		2C4A3AB129AA437300031DA6 /* Build configuration list for PBXNativeTarget "PastaTimer" */ = {
			isa = XCConfigurationList;
			buildConfigurations = (
				2C4A3AB229AA437300031DA6 /* Debug */,
				2C4A3AB329AA437300031DA6 /* Release */,
			);
			defaultConfigurationIsVisible = 0;
			defaultConfigurationName = Release;
		};
		2C4A3AB429AA437300031DA6 /* Build configuration list for PBXNativeTarget "PastaTimerTests" */ = {
			isa = XCConfigurationList;
			buildConfigurations = (
				2C4A3AB529AA437300031DA6 /* Debug */,
				2C4A3AB629AA437300031DA6 /* Release */,
			);
			defaultConfigurationIsVisible = 0;
			defaultConfigurationName = Release;
		};
		2C4A3AB729AA437300031DA6 /* Build configuration list for PBXNativeTarget "PastaTimerUITests" */ = {
			isa = XCConfigurationList;
			buildConfigurations = (
				2C4A3AB829AA437300031DA6 /* Debug */,
				2C4A3AB929AA437300031DA6 /* Release */,
			);
			defaultConfigurationIsVisible = 0;
			defaultConfigurationName = Release;
		};
/* End XCConfigurationList section */
	};
	rootObject = 2C4A3A8529AA437300031DA6 /* Project object */;
}
